
Microsoft Visual Studio Solution File, Format Version 12.00
# Visual Studio Version 17
VisualStudioVersion = 17.6.33815.320
MinimumVisualStudioVersion = 10.0.40219.1
Project("{9A19103F-16F7-4668-BE54-9A1E7A4F7556}") = "Szoft", "Szoft\Szoft.csproj", "{0F8DA6E3-3695-454B-BC4D-DD53F4E872C0}"
EndProject
Project("{9A19103F-16F7-4668-BE54-9A1E7A4F7556}") = "szorzotabla", "szorzotabla\szorzotabla.csproj", "{3CC3C29F-DCDE-4146-836A-2C8E1E46D9E5}"
EndProject
Project("{9A19103F-16F7-4668-BE54-9A1E7A4F7556}") = "Fibonacci", "Fibonacci\Fibonacci.csproj", "{51E123DA-2A75-4B3C-AAA7-78A886CF22A9}"
EndProject
Project("{9A19103F-16F7-4668-BE54-9A1E7A4F7556}") = "Pascal", "Pascal\Pascal.csproj", "{2178D2BE-FA55-490B-B953-5F0EFA311829}"
EndProject
Project("{9A19103F-16F7-4668-BE54-9A1E7A4F7556}") = "Gyakorlo1", "Gyakorlo1\Gyakorlo1.csproj", "{3777A726-2FF6-4812-B597-C30CCB0103C7}"
EndProject
Project("{9A19103F-16F7-4668-BE54-9A1E7A4F7556}") = "RandomGomb", "RandomGomb\RandomGomb.csproj", "{10E65DBE-F4A9-430E-A3AD-4C887D08E821}"
EndProject
Project("{9A19103F-16F7-4668-BE54-9A1E7A4F7556}") = "Kigyos_jatek", "Kigyos_jatek\Kigyos_jatek.csproj", "{8EBB33EF-DD96-4948-8A2A-9A24938B1C50}"
EndProject
Project("{9A19103F-16F7-4668-BE54-9A1E7A4F7556}") = "Adatbazis2", "Adatbazis2\Adatbazis2.csproj", "{A857D77A-3ECC-49D3-B21F-B5110D7B6B5F}"
EndProject
Project("{9A19103F-16F7-4668-BE54-9A1E7A4F7556}") = "Csillagkep2", "Csillagkep2\Csillagkep2.csproj", "{A762C1F7-1983-44DD-8040-D110937065C9}"
EndProject
Project("{9A19103F-16F7-4668-BE54-9A1E7A4F7556}") = "Studies", "Studies\Studies.csproj", "{590931A5-6A8C-4A63-A68B-19EE99CBA9E9}"
EndProject
Project("{9A19103F-16F7-4668-BE54-9A1E7A4F7556}") = "Studies_gyakorlas", "Studies_gyakorlas\Studies_gyakorlas.csproj", "{2458F89E-14DC-4F4A-B56F-0B2D20531867}"
EndProject
Project("{9A19103F-16F7-4668-BE54-9A1E7A4F7556}") = "utsozhgyak", "utsozhgyak\utsozhgyak.csproj", "{93AFDEA3-2358-4379-9DFD-968ADEF3FD93}"
EndProject
Project("{FAE04EC0-301F-11D3-BF4B-00C04F79EFBC}") = "ZH3B_XEZH7P", "ZH3\ZH3B_XEZH7P.csproj", "{EAD50BAE-8FCE-4E71-BD1E-871BF2DF5B74}"
EndProject
Project("{FAE04EC0-301F-11D3-BF4B-00C04F79EFBC}") = "ZH3_XEZH7P", "ZH3_XEZH7P\ZH3_XEZH7P.csproj", "{253565E0-066B-48CC-B15F-2431E3EE6FB8}"
EndProject
Global
	GlobalSection(SolutionConfigurationPlatforms) = preSolution
		Debug|Any CPU = Debug|Any CPU
		Release|Any CPU = Release|Any CPU
	EndGlobalSection
	GlobalSection(ProjectConfigurationPlatforms) = postSolution
		{0F8DA6E3-3695-454B-BC4D-DD53F4E872C0}.Debug|Any CPU.ActiveCfg = Debug|Any CPU
		{0F8DA6E3-3695-454B-BC4D-DD53F4E872C0}.Debug|Any CPU.Build.0 = Debug|Any CPU
		{0F8DA6E3-3695-454B-BC4D-DD53F4E872C0}.Release|Any CPU.ActiveCfg = Release|Any CPU
		{0F8DA6E3-3695-454B-BC4D-DD53F4E872C0}.Release|Any CPU.Build.0 = Release|Any CPU
		{3CC3C29F-DCDE-4146-836A-2C8E1E46D9E5}.Debug|Any CPU.ActiveCfg = Debug|Any CPU
		{3CC3C29F-DCDE-4146-836A-2C8E1E46D9E5}.Debug|Any CPU.Build.0 = Debug|Any CPU
		{3CC3C29F-DCDE-4146-836A-2C8E1E46D9E5}.Release|Any CPU.ActiveCfg = Release|Any CPU
		{3CC3C29F-DCDE-4146-836A-2C8E1E46D9E5}.Release|Any CPU.Build.0 = Release|Any CPU
		{51E123DA-2A75-4B3C-AAA7-78A886CF22A9}.Debug|Any CPU.ActiveCfg = Debug|Any CPU
		{51E123DA-2A75-4B3C-AAA7-78A886CF22A9}.Debug|Any CPU.Build.0 = Debug|Any CPU
		{51E123DA-2A75-4B3C-AAA7-78A886CF22A9}.Release|Any CPU.ActiveCfg = Release|Any CPU
		{51E123DA-2A75-4B3C-AAA7-78A886CF22A9}.Release|Any CPU.Build.0 = Release|Any CPU
		{2178D2BE-FA55-490B-B953-5F0EFA311829}.Debug|Any CPU.ActiveCfg = Debug|Any CPU
		{2178D2BE-FA55-490B-B953-5F0EFA311829}.Debug|Any CPU.Build.0 = Debug|Any CPU
		{2178D2BE-FA55-490B-B953-5F0EFA311829}.Release|Any CPU.ActiveCfg = Release|Any CPU
		{2178D2BE-FA55-490B-B953-5F0EFA311829}.Release|Any CPU.Build.0 = Release|Any CPU
		{3777A726-2FF6-4812-B597-C30CCB0103C7}.Debug|Any CPU.ActiveCfg = Debug|Any CPU
		{3777A726-2FF6-4812-B597-C30CCB0103C7}.Debug|Any CPU.Build.0 = Debug|Any CPU
		{3777A726-2FF6-4812-B597-C30CCB0103C7}.Release|Any CPU.ActiveCfg = Release|Any CPU
		{3777A726-2FF6-4812-B597-C30CCB0103C7}.Release|Any CPU.Build.0 = Release|Any CPU
		{10E65DBE-F4A9-430E-A3AD-4C887D08E821}.Debug|Any CPU.ActiveCfg = Debug|Any CPU
		{10E65DBE-F4A9-430E-A3AD-4C887D08E821}.Debug|Any CPU.Build.0 = Debug|Any CPU
		{10E65DBE-F4A9-430E-A3AD-4C887D08E821}.Release|Any CPU.ActiveCfg = Release|Any CPU
		{10E65DBE-F4A9-430E-A3AD-4C887D08E821}.Release|Any CPU.Build.0 = Release|Any CPU
		{8EBB33EF-DD96-4948-8A2A-9A24938B1C50}.Debug|Any CPU.ActiveCfg = Debug|Any CPU
		{8EBB33EF-DD96-4948-8A2A-9A24938B1C50}.Debug|Any CPU.Build.0 = Debug|Any CPU
		{8EBB33EF-DD96-4948-8A2A-9A24938B1C50}.Release|Any CPU.ActiveCfg = Release|Any CPU
		{8EBB33EF-DD96-4948-8A2A-9A24938B1C50}.Release|Any CPU.Build.0 = Release|Any CPU
		{A857D77A-3ECC-49D3-B21F-B5110D7B6B5F}.Debug|Any CPU.ActiveCfg = Debug|Any CPU
		{A857D77A-3ECC-49D3-B21F-B5110D7B6B5F}.Debug|Any CPU.Build.0 = Debug|Any CPU
		{A857D77A-3ECC-49D3-B21F-B5110D7B6B5F}.Release|Any CPU.ActiveCfg = Release|Any CPU
		{A857D77A-3ECC-49D3-B21F-B5110D7B6B5F}.Release|Any CPU.Build.0 = Release|Any CPU
		{A762C1F7-1983-44DD-8040-D110937065C9}.Debug|Any CPU.ActiveCfg = Debug|Any CPU
		{A762C1F7-1983-44DD-8040-D110937065C9}.Debug|Any CPU.Build.0 = Debug|Any CPU
		{A762C1F7-1983-44DD-8040-D110937065C9}.Release|Any CPU.ActiveCfg = Release|Any CPU
		{A762C1F7-1983-44DD-8040-D110937065C9}.Release|Any CPU.Build.0 = Release|Any CPU
		{590931A5-6A8C-4A63-A68B-19EE99CBA9E9}.Debug|Any CPU.ActiveCfg = Debug|Any CPU
		{590931A5-6A8C-4A63-A68B-19EE99CBA9E9}.Debug|Any CPU.Build.0 = Debug|Any CPU
		{590931A5-6A8C-4A63-A68B-19EE99CBA9E9}.Release|Any CPU.ActiveCfg = Release|Any CPU
		{590931A5-6A8C-4A63-A68B-19EE99CBA9E9}.Release|Any CPU.Build.0 = Release|Any CPU
		{2458F89E-14DC-4F4A-B56F-0B2D20531867}.Debug|Any CPU.ActiveCfg = Debug|Any CPU
		{2458F89E-14DC-4F4A-B56F-0B2D20531867}.Debug|Any CPU.Build.0 = Debug|Any CPU
		{2458F89E-14DC-4F4A-B56F-0B2D20531867}.Release|Any CPU.ActiveCfg = Release|Any CPU
		{2458F89E-14DC-4F4A-B56F-0B2D20531867}.Release|Any CPU.Build.0 = Release|Any CPU
		{93AFDEA3-2358-4379-9DFD-968ADEF3FD93}.Debug|Any CPU.ActiveCfg = Debug|Any CPU
		{93AFDEA3-2358-4379-9DFD-968ADEF3FD93}.Debug|Any CPU.Build.0 = Debug|Any CPU
		{93AFDEA3-2358-4379-9DFD-968ADEF3FD93}.Release|Any CPU.ActiveCfg = Release|Any CPU
		{93AFDEA3-2358-4379-9DFD-968ADEF3FD93}.Release|Any CPU.Build.0 = Release|Any CPU
		{EAD50BAE-8FCE-4E71-BD1E-871BF2DF5B74}.Debug|Any CPU.ActiveCfg = Debug|Any CPU
		{EAD50BAE-8FCE-4E71-BD1E-871BF2DF5B74}.Debug|Any CPU.Build.0 = Debug|Any CPU
		{EAD50BAE-8FCE-4E71-BD1E-871BF2DF5B74}.Release|Any CPU.ActiveCfg = Release|Any CPU
		{EAD50BAE-8FCE-4E71-BD1E-871BF2DF5B74}.Release|Any CPU.Build.0 = Release|Any CPU
		{253565E0-066B-48CC-B15F-2431E3EE6FB8}.Debug|Any CPU.ActiveCfg = Debug|Any CPU
		{253565E0-066B-48CC-B15F-2431E3EE6FB8}.Debug|Any CPU.Build.0 = Debug|Any CPU
		{253565E0-066B-48CC-B15F-2431E3EE6FB8}.Release|Any CPU.ActiveCfg = Release|Any CPU
		{253565E0-066B-48CC-B15F-2431E3EE6FB8}.Release|Any CPU.Build.0 = Release|Any CPU
	EndGlobalSection
	GlobalSection(SolutionProperties) = preSolution
		HideSolutionNode = FALSE
	EndGlobalSection
	GlobalSection(ExtensibilityGlobals) = postSolution
		SolutionGuid = {8B96D4C7-0567-4B04-A120-A8905F715C5B}
	EndGlobalSection
EndGlobal
